
Microsoft Visual Studio Solution File, Format Version 12.00
# Visual Studio Version 17
VisualStudioVersion = 17.12.35707.178 d17.12
MinimumVisualStudioVersion = 10.0.40219.1
Project("{FAE04EC0-301F-11D3-BF4B-00C04F79EFBC}") = "TaskDemo", "TaskDemo.csproj", "{23A84FF7-77FB-4A6D-B561-7AA6952C6907}"
EndProject
Project("{FAE04EC0-301F-11D3-BF4B-00C04F79EFBC}") = "TaskDemo2", "..\TaskDemo2\TaskDemo2.csproj", "{BE50B76F-659E-4ECB-9A36-9879E2245CBB}"
EndProject
Global
	GlobalSection(SolutionConfigurationPlatforms) = preSolution
		Debug|Any CPU = Debug|Any CPU
		Release|Any CPU = Release|Any CPU
	EndGlobalSection
	GlobalSection(ProjectConfigurationPlatforms) = postSolution
		{23A84FF7-77FB-4A6D-B561-7AA6952C6907}.Debug|Any CPU.ActiveCfg = Debug|Any CPU
		{23A84FF7-77FB-4A6D-B561-7AA6952C6907}.Debug|Any CPU.Build.0 = Debug|Any CPU
		{23A84FF7-77FB-4A6D-B561-7AA6952C6907}.Release|Any CPU.ActiveCfg = Release|Any CPU
		{23A84FF7-77FB-4A6D-B561-7AA6952C6907}.Release|Any CPU.Build.0 = Release|Any CPU
		{BE50B76F-659E-4ECB-9A36-9879E2245CBB}.Debug|Any CPU.ActiveCfg = Debug|Any CPU
		{BE50B76F-659E-4ECB-9A36-9879E2245CBB}.Debug|Any CPU.Build.0 = Debug|Any CPU
		{BE50B76F-659E-4ECB-9A36-9879E2245CBB}.Release|Any CPU.ActiveCfg = Release|Any CPU
		{BE50B76F-659E-4ECB-9A36-9879E2245CBB}.Release|Any CPU.Build.0 = Release|Any CPU
	EndGlobalSection
	GlobalSection(SolutionProperties) = preSolution
		HideSolutionNode = FALSE
	EndGlobalSection
EndGlobal
