
Microsoft Visual Studio Solution File, Format Version 12.00
# Visual Studio Version 17
VisualStudioVersion = 17.12.35527.113 d17.12
MinimumVisualStudioVersion = 10.0.40219.1
Project("{FAE04EC0-301F-11D3-BF4B-00C04F79EFBC}") = "ServerApp", "ServerApp\ServerApp.csproj", "{C3369D42-28FE-44C2-8D0F-5FCE9A95C591}"
EndProject
Project("{FAE04EC0-301F-11D3-BF4B-00C04F79EFBC}") = "ClientApp", "ClientApp\ClientApp.csproj", "{128BBCD3-2E7F-4F81-880B-A9E38202BE4E}"
EndProject
Global
	GlobalSection(SolutionConfigurationPlatforms) = preSolution
		Debug|Any CPU = Debug|Any CPU
		Release|Any CPU = Release|Any CPU
	EndGlobalSection
	GlobalSection(ProjectConfigurationPlatforms) = postSolution
		{C3369D42-28FE-44C2-8D0F-5FCE9A95C591}.Debug|Any CPU.ActiveCfg = Debug|Any CPU
		{C3369D42-28FE-44C2-8D0F-5FCE9A95C591}.Debug|Any CPU.Build.0 = Debug|Any CPU
		{C3369D42-28FE-44C2-8D0F-5FCE9A95C591}.Release|Any CPU.ActiveCfg = Release|Any CPU
		{C3369D42-28FE-44C2-8D0F-5FCE9A95C591}.Release|Any CPU.Build.0 = Release|Any CPU
		{128BBCD3-2E7F-4F81-880B-A9E38202BE4E}.Debug|Any CPU.ActiveCfg = Debug|Any CPU
		{128BBCD3-2E7F-4F81-880B-A9E38202BE4E}.Debug|Any CPU.Build.0 = Debug|Any CPU
		{128BBCD3-2E7F-4F81-880B-A9E38202BE4E}.Release|Any CPU.ActiveCfg = Release|Any CPU
		{128BBCD3-2E7F-4F81-880B-A9E38202BE4E}.Release|Any CPU.Build.0 = Release|Any CPU
	EndGlobalSection
	GlobalSection(SolutionProperties) = preSolution
		HideSolutionNode = FALSE
	EndGlobalSection
EndGlobal
